
Microsoft Visual Studio Solution File, Format Version 12.00
# Visual Studio Version 17
VisualStudioVersion = 17.0.32002.185
MinimumVisualStudioVersion = 10.0.40219.1
Project("{FAE04EC0-301F-11D3-BF4B-00C04F79EFBC}") = "Calculadora", "Calculadora.csproj", "{D79184AE-199C-41F6-836B-5A687B005CC6}"
EndProject
Global
	GlobalSection(SolutionConfigurationPlatforms) = preSolution
		Debug|Any CPU = Debug|Any CPU
		Release|Any CPU = Release|Any CPU
	EndGlobalSection
	GlobalSection(ProjectConfigurationPlatforms) = postSolution
		{D79184AE-199C-41F6-836B-5A687B005CC6}.Debug|Any CPU.ActiveCfg = Debug|Any CPU
		{D79184AE-199C-41F6-836B-5A687B005CC6}.Debug|Any CPU.Build.0 = Debug|Any CPU
		{D79184AE-199C-41F6-836B-5A687B005CC6}.Release|Any CPU.ActiveCfg = Release|Any CPU
		{D79184AE-199C-41F6-836B-5A687B005CC6}.Release|Any CPU.Build.0 = Release|Any CPU
	EndGlobalSection
	GlobalSection(SolutionProperties) = preSolution
		HideSolutionNode = FALSE
	EndGlobalSection
	GlobalSection(ExtensibilityGlobals) = postSolution
		SolutionGuid = {C6E7CBA5-29C7-40B5-BA88-1881158E4981}
	EndGlobalSection
EndGlobal
